
Microsoft Visual Studio Solution File, Format Version 10.00
# Visual Studio 2008
Project("{8BC9CEB8-8B4A-11D0-8D11-00A0C91BC942}") = "Office 2007 (aqua)", "BCGPStyle2007Aqua.vcproj", "{1B3FB875-6A3F-47B3-BBE1-FB52391F385E}"
EndProject
Project("{8BC9CEB8-8B4A-11D0-8D11-00A0C91BC942}") = "Office 2007 (luna)", "BCGPStyle2007Luna.vcproj", "{68002F72-2A6E-496C-BB3A-BAB58FA6B79F}"
EndProject
Project("{8BC9CEB8-8B4A-11D0-8D11-00A0C91BC942}") = "Office 2007 (obsidian)", "BCGPStyle2007Obsidian.vcproj", "{F65A4171-4675-43AD-8B84-8B3E42D1D944}"
EndProject
Project("{8BC9CEB8-8B4A-11D0-8D11-00A0C91BC942}") = "Office 2007 (silver)", "BCGPStyle2007Silver.vcproj", "{508DCF58-5385-4451-A9A7-61CD04CD539E}"
EndProject
Project("{8BC9CEB8-8B4A-11D0-8D11-00A0C91BC942}") = "build_all", "build_all.vcproj", "{90F29F82-E605-4873-B7EE-7DC6E78FC32B}"
	ProjectSection(ProjectDependencies) = postProject
		{1339F03B-A6DE-40BD-A028-4AFFC1891781} = {1339F03B-A6DE-40BD-A028-4AFFC1891781}
		{508DCF58-5385-4451-A9A7-61CD04CD539E} = {508DCF58-5385-4451-A9A7-61CD04CD539E}
		{F65A4171-4675-43AD-8B84-8B3E42D1D944} = {F65A4171-4675-43AD-8B84-8B3E42D1D944}
		{68002F72-2A6E-496C-BB3A-BAB58FA6B79F} = {68002F72-2A6E-496C-BB3A-BAB58FA6B79F}
		{1B3FB875-6A3F-47B3-BBE1-FB52391F385E} = {1B3FB875-6A3F-47B3-BBE1-FB52391F385E}
		{6EFF069D-36F1-4BFB-92A0-CD22B89F69D9} = {6EFF069D-36F1-4BFB-92A0-CD22B89F69D9}
		{EB1E44C2-ACC8-424C-B047-74819AF00379} = {EB1E44C2-ACC8-424C-B047-74819AF00379}
		{9566F5C9-81D6-4BD8-B431-D625EE4F405C} = {9566F5C9-81D6-4BD8-B431-D625EE4F405C}
		{57679FE6-046B-423E-8D1D-069EBD5418FC} = {57679FE6-046B-423E-8D1D-069EBD5418FC}
	EndProjectSection
EndProject
Project("{8BC9CEB8-8B4A-11D0-8D11-00A0C91BC942}") = "Carbon", "BCGPStyleCarbon.vcproj", "{1339F03B-A6DE-40BD-A028-4AFFC1891781}"
EndProject
Project("{8BC9CEB8-8B4A-11D0-8D11-00A0C91BC942}") = "Scenic", "BCGPStyleScenic.vcproj", "{9566F5C9-81D6-4BD8-B431-D625EE4F405C}"
EndProject
Project("{8BC9CEB8-8B4A-11D0-8D11-00A0C91BC942}") = "Office 2010 (white)", "BCGPStyle2010White.vcproj", "{6EFF069D-36F1-4BFB-92A0-CD22B89F69D9}"
EndProject
Project("{8BC9CEB8-8B4A-11D0-8D11-00A0C91BC942}") = "Office 2010 (blue)", "BCGPStyle2010Blue.vcproj", "{57679FE6-046B-423E-8D1D-069EBD5418FC}"
EndProject
Project("{8BC9CEB8-8B4A-11D0-8D11-00A0C91BC942}") = "Office 2010 (black)", "BCGPStyle2010Black.vcproj", "{EB1E44C2-ACC8-424C-B047-74819AF00379}"
EndProject
Global
	GlobalSection(SolutionConfigurationPlatforms) = preSolution
		Debug|Win32 = Debug|Win32
		Debug|x64 = Debug|x64
		Release|Win32 = Release|Win32
		Release|x64 = Release|x64
	EndGlobalSection
	GlobalSection(ProjectConfigurationPlatforms) = postSolution
		{1B3FB875-6A3F-47B3-BBE1-FB52391F385E}.Debug|Win32.ActiveCfg = Debug|Win32
		{1B3FB875-6A3F-47B3-BBE1-FB52391F385E}.Debug|Win32.Build.0 = Debug|Win32
		{1B3FB875-6A3F-47B3-BBE1-FB52391F385E}.Debug|x64.ActiveCfg = Debug|x64
		{1B3FB875-6A3F-47B3-BBE1-FB52391F385E}.Debug|x64.Build.0 = Debug|x64
		{1B3FB875-6A3F-47B3-BBE1-FB52391F385E}.Release|Win32.ActiveCfg = Release|Win32
		{1B3FB875-6A3F-47B3-BBE1-FB52391F385E}.Release|Win32.Build.0 = Release|Win32
		{1B3FB875-6A3F-47B3-BBE1-FB52391F385E}.Release|x64.ActiveCfg = Release|x64
		{1B3FB875-6A3F-47B3-BBE1-FB52391F385E}.Release|x64.Build.0 = Release|x64
		{68002F72-2A6E-496C-BB3A-BAB58FA6B79F}.Debug|Win32.ActiveCfg = Debug|Win32
		{68002F72-2A6E-496C-BB3A-BAB58FA6B79F}.Debug|Win32.Build.0 = Debug|Win32
		{68002F72-2A6E-496C-BB3A-BAB58FA6B79F}.Debug|x64.ActiveCfg = Debug|x64
		{68002F72-2A6E-496C-BB3A-BAB58FA6B79F}.Debug|x64.Build.0 = Debug|x64
		{68002F72-2A6E-496C-BB3A-BAB58FA6B79F}.Release|Win32.ActiveCfg = Release|Win32
		{68002F72-2A6E-496C-BB3A-BAB58FA6B79F}.Release|Win32.Build.0 = Release|Win32
		{68002F72-2A6E-496C-BB3A-BAB58FA6B79F}.Release|x64.ActiveCfg = Release|x64
		{68002F72-2A6E-496C-BB3A-BAB58FA6B79F}.Release|x64.Build.0 = Release|x64
		{F65A4171-4675-43AD-8B84-8B3E42D1D944}.Debug|Win32.ActiveCfg = Debug|Win32
		{F65A4171-4675-43AD-8B84-8B3E42D1D944}.Debug|Win32.Build.0 = Debug|Win32
		{F65A4171-4675-43AD-8B84-8B3E42D1D944}.Debug|x64.ActiveCfg = Debug|x64
		{F65A4171-4675-43AD-8B84-8B3E42D1D944}.Debug|x64.Build.0 = Debug|x64
		{F65A4171-4675-43AD-8B84-8B3E42D1D944}.Release|Win32.ActiveCfg = Release|Win32
		{F65A4171-4675-43AD-8B84-8B3E42D1D944}.Release|Win32.Build.0 = Release|Win32
		{F65A4171-4675-43AD-8B84-8B3E42D1D944}.Release|x64.ActiveCfg = Release|x64
		{F65A4171-4675-43AD-8B84-8B3E42D1D944}.Release|x64.Build.0 = Release|x64
		{508DCF58-5385-4451-A9A7-61CD04CD539E}.Debug|Win32.ActiveCfg = Debug|Win32
		{508DCF58-5385-4451-A9A7-61CD04CD539E}.Debug|Win32.Build.0 = Debug|Win32
		{508DCF58-5385-4451-A9A7-61CD04CD539E}.Debug|x64.ActiveCfg = Debug|x64
		{508DCF58-5385-4451-A9A7-61CD04CD539E}.Debug|x64.Build.0 = Debug|x64
		{508DCF58-5385-4451-A9A7-61CD04CD539E}.Release|Win32.ActiveCfg = Release|Win32
		{508DCF58-5385-4451-A9A7-61CD04CD539E}.Release|Win32.Build.0 = Release|Win32
		{508DCF58-5385-4451-A9A7-61CD04CD539E}.Release|x64.ActiveCfg = Release|x64
		{508DCF58-5385-4451-A9A7-61CD04CD539E}.Release|x64.Build.0 = Release|x64
		{90F29F82-E605-4873-B7EE-7DC6E78FC32B}.Debug|Win32.ActiveCfg = Debug|Win32
		{90F29F82-E605-4873-B7EE-7DC6E78FC32B}.Debug|Win32.Build.0 = Debug|Win32
		{90F29F82-E605-4873-B7EE-7DC6E78FC32B}.Debug|x64.ActiveCfg = Debug|x64
		{90F29F82-E605-4873-B7EE-7DC6E78FC32B}.Debug|x64.Build.0 = Debug|x64
		{90F29F82-E605-4873-B7EE-7DC6E78FC32B}.Release|Win32.ActiveCfg = Release|Win32
		{90F29F82-E605-4873-B7EE-7DC6E78FC32B}.Release|Win32.Build.0 = Release|Win32
		{90F29F82-E605-4873-B7EE-7DC6E78FC32B}.Release|x64.ActiveCfg = Release|x64
		{90F29F82-E605-4873-B7EE-7DC6E78FC32B}.Release|x64.Build.0 = Release|x64
		{1339F03B-A6DE-40BD-A028-4AFFC1891781}.Debug|Win32.ActiveCfg = Debug|Win32
		{1339F03B-A6DE-40BD-A028-4AFFC1891781}.Debug|Win32.Build.0 = Debug|Win32
		{1339F03B-A6DE-40BD-A028-4AFFC1891781}.Debug|x64.ActiveCfg = Debug|x64
		{1339F03B-A6DE-40BD-A028-4AFFC1891781}.Debug|x64.Build.0 = Debug|x64
		{1339F03B-A6DE-40BD-A028-4AFFC1891781}.Release|Win32.ActiveCfg = Release|Win32
		{1339F03B-A6DE-40BD-A028-4AFFC1891781}.Release|Win32.Build.0 = Release|Win32
		{1339F03B-A6DE-40BD-A028-4AFFC1891781}.Release|x64.ActiveCfg = Release|x64
		{1339F03B-A6DE-40BD-A028-4AFFC1891781}.Release|x64.Build.0 = Release|x64
		{9566F5C9-81D6-4BD8-B431-D625EE4F405C}.Debug|Win32.ActiveCfg = Debug|Win32
		{9566F5C9-81D6-4BD8-B431-D625EE4F405C}.Debug|Win32.Build.0 = Debug|Win32
		{9566F5C9-81D6-4BD8-B431-D625EE4F405C}.Debug|x64.ActiveCfg = Debug|x64
		{9566F5C9-81D6-4BD8-B431-D625EE4F405C}.Debug|x64.Build.0 = Debug|x64
		{9566F5C9-81D6-4BD8-B431-D625EE4F405C}.Release|Win32.ActiveCfg = Release|Win32
		{9566F5C9-81D6-4BD8-B431-D625EE4F405C}.Release|Win32.Build.0 = Release|Win32
		{9566F5C9-81D6-4BD8-B431-D625EE4F405C}.Release|x64.ActiveCfg = Release|x64
		{9566F5C9-81D6-4BD8-B431-D625EE4F405C}.Release|x64.Build.0 = Release|x64
		{6EFF069D-36F1-4BFB-92A0-CD22B89F69D9}.Debug|Win32.ActiveCfg = Debug|Win32
		{6EFF069D-36F1-4BFB-92A0-CD22B89F69D9}.Debug|Win32.Build.0 = Debug|Win32
		{6EFF069D-36F1-4BFB-92A0-CD22B89F69D9}.Debug|x64.ActiveCfg = Debug|Win32
		{6EFF069D-36F1-4BFB-92A0-CD22B89F69D9}.Release|Win32.ActiveCfg = Release|Win32
		{6EFF069D-36F1-4BFB-92A0-CD22B89F69D9}.Release|Win32.Build.0 = Release|Win32
		{6EFF069D-36F1-4BFB-92A0-CD22B89F69D9}.Release|x64.ActiveCfg = Release|x64
		{6EFF069D-36F1-4BFB-92A0-CD22B89F69D9}.Release|x64.Build.0 = Release|x64
		{57679FE6-046B-423E-8D1D-069EBD5418FC}.Debug|Win32.ActiveCfg = Debug|Win32
		{57679FE6-046B-423E-8D1D-069EBD5418FC}.Debug|Win32.Build.0 = Debug|Win32
		{57679FE6-046B-423E-8D1D-069EBD5418FC}.Debug|x64.ActiveCfg = Debug|Win32
		{57679FE6-046B-423E-8D1D-069EBD5418FC}.Release|Win32.ActiveCfg = Release|Win32
		{57679FE6-046B-423E-8D1D-069EBD5418FC}.Release|Win32.Build.0 = Release|Win32
		{57679FE6-046B-423E-8D1D-069EBD5418FC}.Release|x64.ActiveCfg = Release|x64
		{57679FE6-046B-423E-8D1D-069EBD5418FC}.Release|x64.Build.0 = Release|x64
		{EB1E44C2-ACC8-424C-B047-74819AF00379}.Debug|Win32.ActiveCfg = Debug|Win32
		{EB1E44C2-ACC8-424C-B047-74819AF00379}.Debug|Win32.Build.0 = Debug|Win32
		{EB1E44C2-ACC8-424C-B047-74819AF00379}.Debug|x64.ActiveCfg = Debug|Win32
		{EB1E44C2-ACC8-424C-B047-74819AF00379}.Release|Win32.ActiveCfg = Release|Win32
		{EB1E44C2-ACC8-424C-B047-74819AF00379}.Release|Win32.Build.0 = Release|Win32
		{EB1E44C2-ACC8-424C-B047-74819AF00379}.Release|x64.ActiveCfg = Release|x64
		{EB1E44C2-ACC8-424C-B047-74819AF00379}.Release|x64.Build.0 = Release|x64
	EndGlobalSection
	GlobalSection(SolutionProperties) = preSolution
		HideSolutionNode = FALSE
	EndGlobalSection
EndGlobal
